
Microsoft Visual Studio Solution File, Format Version 12.00
# Visual Studio Version 17
VisualStudioVersion = 17.0.31903.59
MinimumVisualStudioVersion = 10.0.40219.1
Project("{FAE04EC0-301F-11D3-BF4B-00C04F79EFBC}") = "API", "API\API.csproj", "{148DE151-A171-440A-9845-6E15780F1E09}"
EndProject
Project("{FAE04EC0-301F-11D3-BF4B-00C04F79EFBC}") = "Application", "Application\Application.csproj", "{788C530C-4D0C-4847-8E0C-3BAAA415C2F2}"
EndProject
Project("{FAE04EC0-301F-11D3-BF4B-00C04F79EFBC}") = "Domain", "Domain\Domain.csproj", "{985FEB3A-C052-48FD-BC24-B8336A0429E0}"
EndProject
Project("{FAE04EC0-301F-11D3-BF4B-00C04F79EFBC}") = "Persistence", "Persistence\Persistence.csproj", "{02F5D158-D712-4304-BDA8-FA54FDCA5D70}"
EndProject
Global
	GlobalSection(SolutionConfigurationPlatforms) = preSolution
		Debug|Any CPU = Debug|Any CPU
		Release|Any CPU = Release|Any CPU
	EndGlobalSection
	GlobalSection(SolutionProperties) = preSolution
		HideSolutionNode = FALSE
	EndGlobalSection
	GlobalSection(ProjectConfigurationPlatforms) = postSolution
		{148DE151-A171-440A-9845-6E15780F1E09}.Debug|Any CPU.ActiveCfg = Debug|Any CPU
		{148DE151-A171-440A-9845-6E15780F1E09}.Debug|Any CPU.Build.0 = Debug|Any CPU
		{148DE151-A171-440A-9845-6E15780F1E09}.Release|Any CPU.ActiveCfg = Release|Any CPU
		{148DE151-A171-440A-9845-6E15780F1E09}.Release|Any CPU.Build.0 = Release|Any CPU
		{788C530C-4D0C-4847-8E0C-3BAAA415C2F2}.Debug|Any CPU.ActiveCfg = Debug|Any CPU
		{788C530C-4D0C-4847-8E0C-3BAAA415C2F2}.Debug|Any CPU.Build.0 = Debug|Any CPU
		{788C530C-4D0C-4847-8E0C-3BAAA415C2F2}.Release|Any CPU.ActiveCfg = Release|Any CPU
		{788C530C-4D0C-4847-8E0C-3BAAA415C2F2}.Release|Any CPU.Build.0 = Release|Any CPU
		{985FEB3A-C052-48FD-BC24-B8336A0429E0}.Debug|Any CPU.ActiveCfg = Debug|Any CPU
		{985FEB3A-C052-48FD-BC24-B8336A0429E0}.Debug|Any CPU.Build.0 = Debug|Any CPU
		{985FEB3A-C052-48FD-BC24-B8336A0429E0}.Release|Any CPU.ActiveCfg = Release|Any CPU
		{985FEB3A-C052-48FD-BC24-B8336A0429E0}.Release|Any CPU.Build.0 = Release|Any CPU
		{02F5D158-D712-4304-BDA8-FA54FDCA5D70}.Debug|Any CPU.ActiveCfg = Debug|Any CPU
		{02F5D158-D712-4304-BDA8-FA54FDCA5D70}.Debug|Any CPU.Build.0 = Debug|Any CPU
		{02F5D158-D712-4304-BDA8-FA54FDCA5D70}.Release|Any CPU.ActiveCfg = Release|Any CPU
		{02F5D158-D712-4304-BDA8-FA54FDCA5D70}.Release|Any CPU.Build.0 = Release|Any CPU
	EndGlobalSection
EndGlobal
